
Microsoft Visual Studio Solution File, Format Version 12.00
# Visual Studio Version 17
VisualStudioVersion = 17.1.32210.238
MinimumVisualStudioVersion = 10.0.40219.1
Project("{FAE04EC0-301F-11D3-BF4B-00C04F79EFBC}") = "Program7", "Program7\Program7.csproj", "{EACBA8BC-559B-4C2C-B7A3-404CA78B47DC}"
EndProject
Global
	GlobalSection(SolutionConfigurationPlatforms) = preSolution
		Debug|Any CPU = Debug|Any CPU
		Release|Any CPU = Release|Any CPU
	EndGlobalSection
	GlobalSection(ProjectConfigurationPlatforms) = postSolution
		{EACBA8BC-559B-4C2C-B7A3-404CA78B47DC}.Debug|Any CPU.ActiveCfg = Debug|Any CPU
		{EACBA8BC-559B-4C2C-B7A3-404CA78B47DC}.Debug|Any CPU.Build.0 = Debug|Any CPU
		{EACBA8BC-559B-4C2C-B7A3-404CA78B47DC}.Release|Any CPU.ActiveCfg = Release|Any CPU
		{EACBA8BC-559B-4C2C-B7A3-404CA78B47DC}.Release|Any CPU.Build.0 = Release|Any CPU
	EndGlobalSection
	GlobalSection(SolutionProperties) = preSolution
		HideSolutionNode = FALSE
	EndGlobalSection
	GlobalSection(ExtensibilityGlobals) = postSolution
		SolutionGuid = {E5CD3465-F4A6-4434-BAE5-32FAD5986732}
	EndGlobalSection
EndGlobal
