
Microsoft Visual Studio Solution File, Format Version 12.00
# Visual Studio Version 17
VisualStudioVersion = 17.1.32210.238
MinimumVisualStudioVersion = 10.0.40219.1
Project("{FAE04EC0-301F-11D3-BF4B-00C04F79EFBC}") = "Default_Params", "Default_Params\Default_Params.csproj", "{2DC55FC5-D1EA-4A2B-847C-4918FDB5AA8C}"
EndProject
Global
	GlobalSection(SolutionConfigurationPlatforms) = preSolution
		Debug|Any CPU = Debug|Any CPU
		Release|Any CPU = Release|Any CPU
	EndGlobalSection
	GlobalSection(ProjectConfigurationPlatforms) = postSolution
		{2DC55FC5-D1EA-4A2B-847C-4918FDB5AA8C}.Debug|Any CPU.ActiveCfg = Debug|Any CPU
		{2DC55FC5-D1EA-4A2B-847C-4918FDB5AA8C}.Debug|Any CPU.Build.0 = Debug|Any CPU
		{2DC55FC5-D1EA-4A2B-847C-4918FDB5AA8C}.Release|Any CPU.ActiveCfg = Release|Any CPU
		{2DC55FC5-D1EA-4A2B-847C-4918FDB5AA8C}.Release|Any CPU.Build.0 = Release|Any CPU
	EndGlobalSection
	GlobalSection(SolutionProperties) = preSolution
		HideSolutionNode = FALSE
	EndGlobalSection
	GlobalSection(ExtensibilityGlobals) = postSolution
		SolutionGuid = {EE88156F-76E0-42AB-915F-ABF18B739D03}
	EndGlobalSection
EndGlobal
