
Microsoft Visual Studio Solution File, Format Version 12.00
# Visual Studio Version 17
VisualStudioVersion = 17.1.32210.238
MinimumVisualStudioVersion = 10.0.40219.1
Project("{FAE04EC0-301F-11D3-BF4B-00C04F79EFBC}") = "Program3", "Program3\Program3.csproj", "{B5739CAF-CAB6-4724-8579-C90DD76EF52A}"
EndProject
Global
	GlobalSection(SolutionConfigurationPlatforms) = preSolution
		Debug|Any CPU = Debug|Any CPU
		Release|Any CPU = Release|Any CPU
	EndGlobalSection
	GlobalSection(ProjectConfigurationPlatforms) = postSolution
		{B5739CAF-CAB6-4724-8579-C90DD76EF52A}.Debug|Any CPU.ActiveCfg = Debug|Any CPU
		{B5739CAF-CAB6-4724-8579-C90DD76EF52A}.Debug|Any CPU.Build.0 = Debug|Any CPU
		{B5739CAF-CAB6-4724-8579-C90DD76EF52A}.Release|Any CPU.ActiveCfg = Release|Any CPU
		{B5739CAF-CAB6-4724-8579-C90DD76EF52A}.Release|Any CPU.Build.0 = Release|Any CPU
	EndGlobalSection
	GlobalSection(SolutionProperties) = preSolution
		HideSolutionNode = FALSE
	EndGlobalSection
	GlobalSection(ExtensibilityGlobals) = postSolution
		SolutionGuid = {A44B05D7-E53E-4A2E-AC86-FACCF8CC6ADE}
	EndGlobalSection
EndGlobal
