
Microsoft Visual Studio Solution File, Format Version 12.00
# Visual Studio Version 17
VisualStudioVersion = 17.1.32210.238
MinimumVisualStudioVersion = 10.0.40219.1
Project("{FAE04EC0-301F-11D3-BF4B-00C04F79EFBC}") = "CaseExample1", "CaseExample1\CaseExample1.csproj", "{A92FC04B-1AE0-496A-8746-B30D30F7A96D}"
EndProject
Global
	GlobalSection(SolutionConfigurationPlatforms) = preSolution
		Debug|Any CPU = Debug|Any CPU
		Release|Any CPU = Release|Any CPU
	EndGlobalSection
	GlobalSection(ProjectConfigurationPlatforms) = postSolution
		{A92FC04B-1AE0-496A-8746-B30D30F7A96D}.Debug|Any CPU.ActiveCfg = Debug|Any CPU
		{A92FC04B-1AE0-496A-8746-B30D30F7A96D}.Debug|Any CPU.Build.0 = Debug|Any CPU
		{A92FC04B-1AE0-496A-8746-B30D30F7A96D}.Release|Any CPU.ActiveCfg = Release|Any CPU
		{A92FC04B-1AE0-496A-8746-B30D30F7A96D}.Release|Any CPU.Build.0 = Release|Any CPU
	EndGlobalSection
	GlobalSection(SolutionProperties) = preSolution
		HideSolutionNode = FALSE
	EndGlobalSection
	GlobalSection(ExtensibilityGlobals) = postSolution
		SolutionGuid = {BA9CB6A7-2C01-4133-AC81-20C3B45A20B6}
	EndGlobalSection
EndGlobal
