
Microsoft Visual Studio Solution File, Format Version 12.00
# Visual Studio Version 17
VisualStudioVersion = 17.1.32210.238
MinimumVisualStudioVersion = 10.0.40219.1
Project("{FAE04EC0-301F-11D3-BF4B-00C04F79EFBC}") = "CaseExample2", "CaseExample2\CaseExample2.csproj", "{A284C8BF-921D-438C-BD09-A949C65A445A}"
EndProject
Global
	GlobalSection(SolutionConfigurationPlatforms) = preSolution
		Debug|Any CPU = Debug|Any CPU
		Release|Any CPU = Release|Any CPU
	EndGlobalSection
	GlobalSection(ProjectConfigurationPlatforms) = postSolution
		{A284C8BF-921D-438C-BD09-A949C65A445A}.Debug|Any CPU.ActiveCfg = Debug|Any CPU
		{A284C8BF-921D-438C-BD09-A949C65A445A}.Debug|Any CPU.Build.0 = Debug|Any CPU
		{A284C8BF-921D-438C-BD09-A949C65A445A}.Release|Any CPU.ActiveCfg = Release|Any CPU
		{A284C8BF-921D-438C-BD09-A949C65A445A}.Release|Any CPU.Build.0 = Release|Any CPU
	EndGlobalSection
	GlobalSection(SolutionProperties) = preSolution
		HideSolutionNode = FALSE
	EndGlobalSection
	GlobalSection(ExtensibilityGlobals) = postSolution
		SolutionGuid = {B156EE5E-DC79-4E55-A43B-1DBFF8A271D0}
	EndGlobalSection
EndGlobal
